
Microsoft Visual Studio Solution File, Format Version 12.00
# Visual Studio 2013
VisualStudioVersion = 12.0.40629.0
MinimumVisualStudioVersion = 10.0.40219.1
Project("{2150E333-8FDC-42A3-9474-1A3956D46DE8}") = "Helper", "Helper", "{B1F57832-416D-4B64-8E2D-631AA83BA15F}"
EndProject
Project("{2150E333-8FDC-42A3-9474-1A3956D46DE8}") = "Project", "Project", "{2D9B636E-33A6-490E-9510-4EEF8DBF6026}"
EndProject
Project("{FAE04EC0-301F-11D3-BF4B-00C04F79EFBC}") = "ADO.Helper", "Helper\ADO.Helper\ADO.Helper.csproj", "{CCB19B3F-63F9-4827-93D5-4A4039260F83}"
EndProject
Project("{FAE04EC0-301F-11D3-BF4B-00C04F79EFBC}") = "NPOI.Helper", "Helper\NPOI.Helper\NPOI.Helper.csproj", "{7FB6F1B2-4A4A-410D-858C-405F3AA2DC65}"
EndProject
Project("{FAE04EC0-301F-11D3-BF4B-00C04F79EFBC}") = "FileIO.Helper", "Helper\FileIO.Helper\FileIO.Helper.csproj", "{BC7859EC-CB9B-4D3F-869D-EDA6CD4840C9}"
EndProject
Project("{FAE04EC0-301F-11D3-BF4B-00C04F79EFBC}") = "Utils.Helper", "Helper\Utils.Helper\Utils.Helper.csproj", "{4CDC54FB-AE53-40F9-9ED8-EEE00924B400}"
EndProject
Project("{2150E333-8FDC-42A3-9474-1A3956D46DE8}") = "Main.Core", "Main.Core", "{BFAC6D75-3B5C-4236-86D4-61301B6AD1D1}"
EndProject
Project("{2150E333-8FDC-42A3-9474-1A3956D46DE8}") = "Main.Window", "Main.Window", "{F62E162E-2DBA-44BA-BD51-08007738C8C1}"
EndProject
Project("{FAE04EC0-301F-11D3-BF4B-00C04F79EFBC}") = "Main.Ribbon", "Project\Main.Window\Main.Ribbon\Main.Ribbon.csproj", "{2BAE60F0-7D32-4F4A-983C-277F00B7AF72}"
EndProject
Project("{FAE04EC0-301F-11D3-BF4B-00C04F79EFBC}") = "Main.Console", "Project\Main.Window\Main.Console\Main.Console.csproj", "{09BE3D44-D0BB-4102-A017-C8A55964AD36}"
EndProject
Project("{2150E333-8FDC-42A3-9474-1A3956D46DE8}") = "Main.Function", "Main.Function", "{1E2EF8D8-BB8C-4685-90FE-46F88D09C9A7}"
EndProject
Project("{FAE04EC0-301F-11D3-BF4B-00C04F79EFBC}") = "Sadness.Interface", "Project\Main.Core\Sadness.Interface\Sadness.Interface.csproj", "{6EE57D44-8871-47C5-B748-A9669BE94029}"
EndProject
Project("{FAE04EC0-301F-11D3-BF4B-00C04F79EFBC}") = "Sadness.SQLiteDB", "Project\Main.Core\Sadness.SQLiteDB\Sadness.SQLiteDB.csproj", "{30B4AE29-E2F5-4D03-88EF-A4F80E01F700}"
EndProject
Project("{FAE04EC0-301F-11D3-BF4B-00C04F79EFBC}") = "Sadness.BasicFunction", "Project\Main.Function\Sadness.BasicFunction\Sadness.BasicFunction.csproj", "{861CF039-418A-4041-A56C-0AC38976692A}"
EndProject
Global
	GlobalSection(SolutionConfigurationPlatforms) = preSolution
		Debug|Any CPU = Debug|Any CPU
		Release|Any CPU = Release|Any CPU
	EndGlobalSection
	GlobalSection(ProjectConfigurationPlatforms) = postSolution
		{CCB19B3F-63F9-4827-93D5-4A4039260F83}.Debug|Any CPU.ActiveCfg = Debug|Any CPU
		{CCB19B3F-63F9-4827-93D5-4A4039260F83}.Debug|Any CPU.Build.0 = Debug|Any CPU
		{CCB19B3F-63F9-4827-93D5-4A4039260F83}.Release|Any CPU.ActiveCfg = Release|Any CPU
		{CCB19B3F-63F9-4827-93D5-4A4039260F83}.Release|Any CPU.Build.0 = Release|Any CPU
		{7FB6F1B2-4A4A-410D-858C-405F3AA2DC65}.Debug|Any CPU.ActiveCfg = Debug|Any CPU
		{7FB6F1B2-4A4A-410D-858C-405F3AA2DC65}.Debug|Any CPU.Build.0 = Debug|Any CPU
		{7FB6F1B2-4A4A-410D-858C-405F3AA2DC65}.Release|Any CPU.ActiveCfg = Release|Any CPU
		{7FB6F1B2-4A4A-410D-858C-405F3AA2DC65}.Release|Any CPU.Build.0 = Release|Any CPU
		{BC7859EC-CB9B-4D3F-869D-EDA6CD4840C9}.Debug|Any CPU.ActiveCfg = Debug|Any CPU
		{BC7859EC-CB9B-4D3F-869D-EDA6CD4840C9}.Debug|Any CPU.Build.0 = Debug|Any CPU
		{BC7859EC-CB9B-4D3F-869D-EDA6CD4840C9}.Release|Any CPU.ActiveCfg = Release|Any CPU
		{BC7859EC-CB9B-4D3F-869D-EDA6CD4840C9}.Release|Any CPU.Build.0 = Release|Any CPU
		{4CDC54FB-AE53-40F9-9ED8-EEE00924B400}.Debug|Any CPU.ActiveCfg = Debug|Any CPU
		{4CDC54FB-AE53-40F9-9ED8-EEE00924B400}.Debug|Any CPU.Build.0 = Debug|Any CPU
		{4CDC54FB-AE53-40F9-9ED8-EEE00924B400}.Release|Any CPU.ActiveCfg = Release|Any CPU
		{4CDC54FB-AE53-40F9-9ED8-EEE00924B400}.Release|Any CPU.Build.0 = Release|Any CPU
		{2BAE60F0-7D32-4F4A-983C-277F00B7AF72}.Debug|Any CPU.ActiveCfg = Debug|Any CPU
		{2BAE60F0-7D32-4F4A-983C-277F00B7AF72}.Debug|Any CPU.Build.0 = Debug|Any CPU
		{2BAE60F0-7D32-4F4A-983C-277F00B7AF72}.Release|Any CPU.ActiveCfg = Release|Any CPU
		{2BAE60F0-7D32-4F4A-983C-277F00B7AF72}.Release|Any CPU.Build.0 = Release|Any CPU
		{09BE3D44-D0BB-4102-A017-C8A55964AD36}.Debug|Any CPU.ActiveCfg = Debug|Any CPU
		{09BE3D44-D0BB-4102-A017-C8A55964AD36}.Debug|Any CPU.Build.0 = Debug|Any CPU
		{09BE3D44-D0BB-4102-A017-C8A55964AD36}.Release|Any CPU.ActiveCfg = Release|Any CPU
		{09BE3D44-D0BB-4102-A017-C8A55964AD36}.Release|Any CPU.Build.0 = Release|Any CPU
		{6EE57D44-8871-47C5-B748-A9669BE94029}.Debug|Any CPU.ActiveCfg = Debug|Any CPU
		{6EE57D44-8871-47C5-B748-A9669BE94029}.Debug|Any CPU.Build.0 = Debug|Any CPU
		{6EE57D44-8871-47C5-B748-A9669BE94029}.Release|Any CPU.ActiveCfg = Release|Any CPU
		{6EE57D44-8871-47C5-B748-A9669BE94029}.Release|Any CPU.Build.0 = Release|Any CPU
		{30B4AE29-E2F5-4D03-88EF-A4F80E01F700}.Debug|Any CPU.ActiveCfg = Debug|Any CPU
		{30B4AE29-E2F5-4D03-88EF-A4F80E01F700}.Debug|Any CPU.Build.0 = Debug|Any CPU
		{30B4AE29-E2F5-4D03-88EF-A4F80E01F700}.Release|Any CPU.ActiveCfg = Release|Any CPU
		{30B4AE29-E2F5-4D03-88EF-A4F80E01F700}.Release|Any CPU.Build.0 = Release|Any CPU
		{861CF039-418A-4041-A56C-0AC38976692A}.Debug|Any CPU.ActiveCfg = Debug|Any CPU
		{861CF039-418A-4041-A56C-0AC38976692A}.Debug|Any CPU.Build.0 = Debug|Any CPU
		{861CF039-418A-4041-A56C-0AC38976692A}.Release|Any CPU.ActiveCfg = Release|Any CPU
		{861CF039-418A-4041-A56C-0AC38976692A}.Release|Any CPU.Build.0 = Release|Any CPU
	EndGlobalSection
	GlobalSection(SolutionProperties) = preSolution
		HideSolutionNode = FALSE
	EndGlobalSection
	GlobalSection(NestedProjects) = preSolution
		{CCB19B3F-63F9-4827-93D5-4A4039260F83} = {B1F57832-416D-4B64-8E2D-631AA83BA15F}
		{7FB6F1B2-4A4A-410D-858C-405F3AA2DC65} = {B1F57832-416D-4B64-8E2D-631AA83BA15F}
		{BC7859EC-CB9B-4D3F-869D-EDA6CD4840C9} = {B1F57832-416D-4B64-8E2D-631AA83BA15F}
		{4CDC54FB-AE53-40F9-9ED8-EEE00924B400} = {B1F57832-416D-4B64-8E2D-631AA83BA15F}
		{BFAC6D75-3B5C-4236-86D4-61301B6AD1D1} = {2D9B636E-33A6-490E-9510-4EEF8DBF6026}
		{F62E162E-2DBA-44BA-BD51-08007738C8C1} = {2D9B636E-33A6-490E-9510-4EEF8DBF6026}
		{2BAE60F0-7D32-4F4A-983C-277F00B7AF72} = {F62E162E-2DBA-44BA-BD51-08007738C8C1}
		{09BE3D44-D0BB-4102-A017-C8A55964AD36} = {F62E162E-2DBA-44BA-BD51-08007738C8C1}
		{1E2EF8D8-BB8C-4685-90FE-46F88D09C9A7} = {2D9B636E-33A6-490E-9510-4EEF8DBF6026}
		{6EE57D44-8871-47C5-B748-A9669BE94029} = {BFAC6D75-3B5C-4236-86D4-61301B6AD1D1}
		{30B4AE29-E2F5-4D03-88EF-A4F80E01F700} = {BFAC6D75-3B5C-4236-86D4-61301B6AD1D1}
		{861CF039-418A-4041-A56C-0AC38976692A} = {1E2EF8D8-BB8C-4685-90FE-46F88D09C9A7}
	EndGlobalSection
EndGlobal
