
Microsoft Visual Studio Solution File, Format Version 12.00
# Visual Studio 14
VisualStudioVersion = 14.0.25420.1
MinimumVisualStudioVersion = 10.0.40219.1
Project("{FAE04EC0-301F-11D3-BF4B-00C04F79EFBC}") = "Sadness.WebApi", "Sadness.WebApi\Sadness.WebApi.csproj", "{9EBD9FC9-AF63-45A0-B899-F65E0C7EA88A}"
EndProject
Project("{FAE04EC0-301F-11D3-BF4B-00C04F79EFBC}") = "OfficeAutomationEF", "OfficeAutomationEF\OfficeAutomationEF.csproj", "{3BB081F8-BA51-44B2-A3E3-70852789944F}"
EndProject
Project("{FAE04EC0-301F-11D3-BF4B-00C04F79EFBC}") = "TestEF6", "TestEF6\TestEF6.csproj", "{930F8A29-D882-46D6-92CA-3E2DC7FC29DA}"
EndProject
Global
	GlobalSection(SolutionConfigurationPlatforms) = preSolution
		Debug|Any CPU = Debug|Any CPU
		Release|Any CPU = Release|Any CPU
	EndGlobalSection
	GlobalSection(ProjectConfigurationPlatforms) = postSolution
		{9EBD9FC9-AF63-45A0-B899-F65E0C7EA88A}.Debug|Any CPU.ActiveCfg = Debug|Any CPU
		{9EBD9FC9-AF63-45A0-B899-F65E0C7EA88A}.Debug|Any CPU.Build.0 = Debug|Any CPU
		{9EBD9FC9-AF63-45A0-B899-F65E0C7EA88A}.Release|Any CPU.ActiveCfg = Release|Any CPU
		{9EBD9FC9-AF63-45A0-B899-F65E0C7EA88A}.Release|Any CPU.Build.0 = Release|Any CPU
		{3BB081F8-BA51-44B2-A3E3-70852789944F}.Debug|Any CPU.ActiveCfg = Debug|Any CPU
		{3BB081F8-BA51-44B2-A3E3-70852789944F}.Debug|Any CPU.Build.0 = Debug|Any CPU
		{3BB081F8-BA51-44B2-A3E3-70852789944F}.Release|Any CPU.ActiveCfg = Release|Any CPU
		{3BB081F8-BA51-44B2-A3E3-70852789944F}.Release|Any CPU.Build.0 = Release|Any CPU
		{930F8A29-D882-46D6-92CA-3E2DC7FC29DA}.Debug|Any CPU.ActiveCfg = Debug|Any CPU
		{930F8A29-D882-46D6-92CA-3E2DC7FC29DA}.Debug|Any CPU.Build.0 = Debug|Any CPU
		{930F8A29-D882-46D6-92CA-3E2DC7FC29DA}.Release|Any CPU.ActiveCfg = Release|Any CPU
		{930F8A29-D882-46D6-92CA-3E2DC7FC29DA}.Release|Any CPU.Build.0 = Release|Any CPU
	EndGlobalSection
	GlobalSection(SolutionProperties) = preSolution
		HideSolutionNode = FALSE
	EndGlobalSection
EndGlobal
